{
  "name": "app",
  "lockfileVersion": 2,
  "requires": true,
  "packages": {
    "": {
      "name": "app",
      "dependencies": {
        "@hotwired/stimulus": "^3.2.1",
        "@hotwired/turbo-rails": "^7.3.0",
        "esbuild": "^0.18.4"
      }
    },
    "node_modules/@esbuild/darwin-arm64": {
      "version": "0.18.8",
      "cpu": [
        "arm64"
      ],
      "license": "MIT",
      "optional": true,
      "os": [
        "darwin"
      ],
      "engines": {
        "node": ">=12"
      }
    },
    "node_modules/@hotwired/stimulus": {
      "version": "3.2.1",
      "resolved": "https://registry.npmjs.org/@hotwired/stimulus/-/stimulus-3.2.1.tgz",
      "integrity": "sha512-HGlzDcf9vv/EQrMJ5ZG6VWNs8Z/xMN+1o2OhV1gKiSG6CqZt5MCBB1gRg5ILiN3U0jEAxuDTNPRfBcnZBDmupQ==",
      "license": "MIT"
    },
    "node_modules/@hotwired/turbo": {
      "version": "7.3.0",
      "license": "MIT",
      "engines": {
        "node": ">= 14"
      }
    },
    "node_modules/@hotwired/turbo-rails": {
      "version": "7.3.0",
      "resolved": "https://registry.npmjs.org/@hotwired/turbo-rails/-/turbo-rails-7.3.0.tgz",
      "integrity": "sha512-fvhO64vp/a2UVQ3jue9WTc2JisMv9XilIC7ViZmXAREVwiQ2S4UC7Go8f9A1j4Xu7DBI6SbFdqILk5ImqVoqyA==",
      "dependencies": {
        "@hotwired/turbo": "^7.3.0",
        "@rails/actioncable": "^7.0"
      }
    },
    "node_modules/@rails/actioncable": {
      "version": "7.0.5",
      "license": "MIT"
    },
    "node_modules/esbuild": {
      "version": "0.18.8",
      "hasInstallScript": true,
      "license": "MIT",
      "bin": {
        "esbuild": "bin/esbuild"
      },
      "engines": {
        "node": ">=12"
      },
      "optionalDependencies": {
        "@esbuild/android-arm": "0.18.8",
        "@esbuild/android-arm64": "0.18.8",
        "@esbuild/android-x64": "0.18.8",
        "@esbuild/darwin-arm64": "0.18.8",
        "@esbuild/darwin-x64": "0.18.8",
        "@esbuild/freebsd-arm64": "0.18.8",
        "@esbuild/freebsd-x64": "0.18.8",
        "@esbuild/linux-arm": "0.18.8",
        "@esbuild/linux-arm64": "0.18.8",
        "@esbuild/linux-ia32": "0.18.8",
        "@esbuild/linux-loong64": "0.18.8",
        "@esbuild/linux-mips64el": "0.18.8",
        "@esbuild/linux-ppc64": "0.18.8",
        "@esbuild/linux-riscv64": "0.18.8",
        "@esbuild/linux-s390x": "0.18.8",
        "@esbuild/linux-x64": "0.18.8",
        "@esbuild/netbsd-x64": "0.18.8",
        "@esbuild/openbsd-x64": "0.18.8",
        "@esbuild/sunos-x64": "0.18.8",
        "@esbuild/win32-arm64": "0.18.8",
        "@esbuild/win32-ia32": "0.18.8",
        "@esbuild/win32-x64": "0.18.8"
      }
    }
  },
  "dependencies": {
    "@esbuild/darwin-arm64": {
      "version": "0.18.8",
      "optional": true
    },
    "@hotwired/stimulus": {
      "version": "3.2.1",
      "resolved": "https://registry.npmjs.org/@hotwired/stimulus/-/stimulus-3.2.1.tgz",
      "integrity": "sha512-HGlzDcf9vv/EQrMJ5ZG6VWNs8Z/xMN+1o2OhV1gKiSG6CqZt5MCBB1gRg5ILiN3U0jEAxuDTNPRfBcnZBDmupQ=="
    },
    "@hotwired/turbo": {
      "version": "7.3.0"
    },
    "@hotwired/turbo-rails": {
      "version": "7.3.0",
      "resolved": "https://registry.npmjs.org/@hotwired/turbo-rails/-/turbo-rails-7.3.0.tgz",
      "integrity": "sha512-fvhO64vp/a2UVQ3jue9WTc2JisMv9XilIC7ViZmXAREVwiQ2S4UC7Go8f9A1j4Xu7DBI6SbFdqILk5ImqVoqyA==",
      "requires": {
        "@hotwired/turbo": "^7.3.0",
        "@rails/actioncable": "^7.0"
      }
    },
    "@rails/actioncable": {
      "version": "7.0.5"
    },
    "esbuild": {
      "version": "0.18.8",
      "requires": {
        "@esbuild/android-arm": "0.18.8",
        "@esbuild/android-arm64": "0.18.8",
        "@esbuild/android-x64": "0.18.8",
        "@esbuild/darwin-arm64": "0.18.8",
        "@esbuild/darwin-x64": "0.18.8",
        "@esbuild/freebsd-arm64": "0.18.8",
        "@esbuild/freebsd-x64": "0.18.8",
        "@esbuild/linux-arm": "0.18.8",
        "@esbuild/linux-arm64": "0.18.8",
        "@esbuild/linux-ia32": "0.18.8",
        "@esbuild/linux-loong64": "0.18.8",
        "@esbuild/linux-mips64el": "0.18.8",
        "@esbuild/linux-ppc64": "0.18.8",
        "@esbuild/linux-riscv64": "0.18.8",
        "@esbuild/linux-s390x": "0.18.8",
        "@esbuild/linux-x64": "0.18.8",
        "@esbuild/netbsd-x64": "0.18.8",
        "@esbuild/openbsd-x64": "0.18.8",
        "@esbuild/sunos-x64": "0.18.8",
        "@esbuild/win32-arm64": "0.18.8",
        "@esbuild/win32-ia32": "0.18.8",
        "@esbuild/win32-x64": "0.18.8"
      }
    }
  }
}
